// !$*UTF8*$!
{
	archiveVersion = 1;
	classes = {
	};
	objectVersion = 55;
	objects = {

/* Begin PBXBuildFile section */
		85347F882848B50D00FF06B6 /* EthereumWalletApp.swift in Sources */ = {isa = PBXBuildFile; fileRef = 85347F872848B50D00FF06B6 /* EthereumWalletApp.swift */; };
		85347F8A2848B50D00FF06B6 /* HomeView.swift in Sources */ = {isa = PBXBuildFile; fileRef = 85347F892848B50D00FF06B6 /* HomeView.swift */; };
		85347F8C2848B50F00FF06B6 /* Assets.xcassets in Resources */ = {isa = PBXBuildFile; fileRef = 85347F8B2848B50F00FF06B6 /* Assets.xcassets */; };
		85347F8F2848B50F00FF06B6 /* Preview Assets.xcassets in Resources */ = {isa = PBXBuildFile; fileRef = 85347F8E2848B50F00FF06B6 /* Preview Assets.xcassets */; };
		85826D712849A349006F6B18 /* AddAssetsView.swift in Sources */ = {isa = PBXBuildFile; fileRef = 85826D702849A349006F6B18 /* AddAssetsView.swift */; };
		85826D732849A371006F6B18 /* AddNFTView.swift in Sources */ = {isa = PBXBuildFile; fileRef = 85826D722849A371006F6B18 /* AddNFTView.swift */; };
		85826D752849C3E2006F6B18 /* AssetsRowView.swift in Sources */ = {isa = PBXBuildFile; fileRef = 85826D742849C3E2006F6B18 /* AssetsRowView.swift */; };
		85826D772849C677006F6B18 /* AssetsDetailView.swift in Sources */ = {isa = PBXBuildFile; fileRef = 85826D762849C677006F6B18 /* AssetsDetailView.swift */; };
		85826D792849C81A006F6B18 /* assets.json in Resources */ = {isa = PBXBuildFile; fileRef = 85826D782849C81A006F6B18 /* assets.json */; };
		85826D7B2849C881006F6B18 /* AssetsCoin.swift in Sources */ = {isa = PBXBuildFile; fileRef = 85826D7A2849C881006F6B18 /* AssetsCoin.swift */; };
		85826D7D2849CDB7006F6B18 /* Data.swift in Sources */ = {isa = PBXBuildFile; fileRef = 85826D7C2849CDB7006F6B18 /* Data.swift */; };
		85826D7F284AD44D006F6B18 /* AssetsListView.swift in Sources */ = {isa = PBXBuildFile; fileRef = 85826D7E284AD44D006F6B18 /* AssetsListView.swift */; };
		85826D81284ADDC4006F6B18 /* SearchAssetsView.swift in Sources */ = {isa = PBXBuildFile; fileRef = 85826D80284ADDC4006F6B18 /* SearchAssetsView.swift */; };
		85826D83284ADDE3006F6B18 /* CustomAssetsView.swift in Sources */ = {isa = PBXBuildFile; fileRef = 85826D82284ADDE3006F6B18 /* CustomAssetsView.swift */; };
		85826D85284AE4D6006F6B18 /* NFTListView.swift in Sources */ = {isa = PBXBuildFile; fileRef = 85826D84284AE4D6006F6B18 /* NFTListView.swift */; };
		85826D87284AF260006F6B18 /* BriefHeaderView.swift in Sources */ = {isa = PBXBuildFile; fileRef = 85826D86284AF260006F6B18 /* BriefHeaderView.swift */; };
		85826D89284B093A006F6B18 /* AssetsSearchRowView.swift in Sources */ = {isa = PBXBuildFile; fileRef = 85826D88284B093A006F6B18 /* AssetsSearchRowView.swift */; };
		85826D8B284B1F40006F6B18 /* AccountViewModel.swift in Sources */ = {isa = PBXBuildFile; fileRef = 85826D8A284B1F40006F6B18 /* AccountViewModel.swift */; };
		85826D8D284B3767006F6B18 /* AssetsDetailBriefView.swift in Sources */ = {isa = PBXBuildFile; fileRef = 85826D8C284B3767006F6B18 /* AssetsDetailBriefView.swift */; };
/* End PBXBuildFile section */

/* Begin PBXFileReference section */
		85347F842848B50D00FF06B6 /* EthereumWallet.app */ = {isa = PBXFileReference; explicitFileType = wrapper.application; includeInIndex = 0; path = EthereumWallet.app; sourceTree = BUILT_PRODUCTS_DIR; };
		85347F872848B50D00FF06B6 /* EthereumWalletApp.swift */ = {isa = PBXFileReference; lastKnownFileType = sourcecode.swift; path = EthereumWalletApp.swift; sourceTree = "<group>"; };
		85347F892848B50D00FF06B6 /* HomeView.swift */ = {isa = PBXFileReference; lastKnownFileType = sourcecode.swift; path = HomeView.swift; sourceTree = "<group>"; };
		85347F8B2848B50F00FF06B6 /* Assets.xcassets */ = {isa = PBXFileReference; lastKnownFileType = folder.assetcatalog; path = Assets.xcassets; sourceTree = "<group>"; };
		85347F8E2848B50F00FF06B6 /* Preview Assets.xcassets */ = {isa = PBXFileReference; lastKnownFileType = folder.assetcatalog; path = "Preview Assets.xcassets"; sourceTree = "<group>"; };
		85826D702849A349006F6B18 /* AddAssetsView.swift */ = {isa = PBXFileReference; lastKnownFileType = sourcecode.swift; path = AddAssetsView.swift; sourceTree = "<group>"; };
		85826D722849A371006F6B18 /* AddNFTView.swift */ = {isa = PBXFileReference; lastKnownFileType = sourcecode.swift; path = AddNFTView.swift; sourceTree = "<group>"; };
		85826D742849C3E2006F6B18 /* AssetsRowView.swift */ = {isa = PBXFileReference; lastKnownFileType = sourcecode.swift; path = AssetsRowView.swift; sourceTree = "<group>"; };
		85826D762849C677006F6B18 /* AssetsDetailView.swift */ = {isa = PBXFileReference; lastKnownFileType = sourcecode.swift; path = AssetsDetailView.swift; sourceTree = "<group>"; };
		85826D782849C81A006F6B18 /* assets.json */ = {isa = PBXFileReference; fileEncoding = 4; lastKnownFileType = text.json; path = assets.json; sourceTree = "<group>"; };
		85826D7A2849C881006F6B18 /* AssetsCoin.swift */ = {isa = PBXFileReference; lastKnownFileType = sourcecode.swift; path = AssetsCoin.swift; sourceTree = "<group>"; };
		85826D7C2849CDB7006F6B18 /* Data.swift */ = {isa = PBXFileReference; lastKnownFileType = sourcecode.swift; path = Data.swift; sourceTree = "<group>"; };
		85826D7E284AD44D006F6B18 /* AssetsListView.swift */ = {isa = PBXFileReference; lastKnownFileType = sourcecode.swift; path = AssetsListView.swift; sourceTree = "<group>"; };
		85826D80284ADDC4006F6B18 /* SearchAssetsView.swift */ = {isa = PBXFileReference; lastKnownFileType = sourcecode.swift; path = SearchAssetsView.swift; sourceTree = "<group>"; };
		85826D82284ADDE3006F6B18 /* CustomAssetsView.swift */ = {isa = PBXFileReference; lastKnownFileType = sourcecode.swift; path = CustomAssetsView.swift; sourceTree = "<group>"; };
		85826D84284AE4D6006F6B18 /* NFTListView.swift */ = {isa = PBXFileReference; lastKnownFileType = sourcecode.swift; path = NFTListView.swift; sourceTree = "<group>"; };
		85826D86284AF260006F6B18 /* BriefHeaderView.swift */ = {isa = PBXFileReference; lastKnownFileType = sourcecode.swift; path = BriefHeaderView.swift; sourceTree = "<group>"; };
		85826D88284B093A006F6B18 /* AssetsSearchRowView.swift */ = {isa = PBXFileReference; lastKnownFileType = sourcecode.swift; path = AssetsSearchRowView.swift; sourceTree = "<group>"; };
		85826D8A284B1F40006F6B18 /* AccountViewModel.swift */ = {isa = PBXFileReference; lastKnownFileType = sourcecode.swift; path = AccountViewModel.swift; sourceTree = "<group>"; };
		85826D8C284B3767006F6B18 /* AssetsDetailBriefView.swift */ = {isa = PBXFileReference; lastKnownFileType = sourcecode.swift; path = AssetsDetailBriefView.swift; sourceTree = "<group>"; };
/* End PBXFileReference section */

/* Begin PBXFrameworksBuildPhase section */
		85347F812848B50D00FF06B6 /* Frameworks */ = {
			isa = PBXFrameworksBuildPhase;
			buildActionMask = 2147483647;
			files = (
			);
			runOnlyForDeploymentPostprocessing = 0;
		};
/* End PBXFrameworksBuildPhase section */

/* Begin PBXGroup section */
		85347F7B2848B50D00FF06B6 = {
			isa = PBXGroup;
			children = (
				85347F862848B50D00FF06B6 /* EthereumWallet */,
				85347F852848B50D00FF06B6 /* Products */,
			);
			sourceTree = "<group>";
		};
		85347F852848B50D00FF06B6 /* Products */ = {
			isa = PBXGroup;
			children = (
				85347F842848B50D00FF06B6 /* EthereumWallet.app */,
			);
			name = Products;
			sourceTree = "<group>";
		};
		85347F862848B50D00FF06B6 /* EthereumWallet */ = {
			isa = PBXGroup;
			children = (
				85347F872848B50D00FF06B6 /* EthereumWalletApp.swift */,
				85347F892848B50D00FF06B6 /* HomeView.swift */,
				85826D86284AF260006F6B18 /* BriefHeaderView.swift */,
				85826D8C284B3767006F6B18 /* AssetsDetailBriefView.swift */,
				85826D7E284AD44D006F6B18 /* AssetsListView.swift */,
				85826D84284AE4D6006F6B18 /* NFTListView.swift */,
				85826D702849A349006F6B18 /* AddAssetsView.swift */,
				85826D80284ADDC4006F6B18 /* SearchAssetsView.swift */,
				85826D82284ADDE3006F6B18 /* CustomAssetsView.swift */,
				85826D722849A371006F6B18 /* AddNFTView.swift */,
				85826D762849C677006F6B18 /* AssetsDetailView.swift */,
				85826D742849C3E2006F6B18 /* AssetsRowView.swift */,
				85826D88284B093A006F6B18 /* AssetsSearchRowView.swift */,
				85826D8A284B1F40006F6B18 /* AccountViewModel.swift */,
				85826D7A2849C881006F6B18 /* AssetsCoin.swift */,
				85826D7C2849CDB7006F6B18 /* Data.swift */,
				85826D782849C81A006F6B18 /* assets.json */,
				85347F8B2848B50F00FF06B6 /* Assets.xcassets */,
				85347F8D2848B50F00FF06B6 /* Preview Content */,
			);
			path = EthereumWallet;
			sourceTree = "<group>";
		};
		85347F8D2848B50F00FF06B6 /* Preview Content */ = {
			isa = PBXGroup;
			children = (
				85347F8E2848B50F00FF06B6 /* Preview Assets.xcassets */,
			);
			path = "Preview Content";
			sourceTree = "<group>";
		};
/* End PBXGroup section */

/* Begin PBXNativeTarget section */
		85347F832848B50D00FF06B6 /* EthereumWallet */ = {
			isa = PBXNativeTarget;
			buildConfigurationList = 85347F922848B50F00FF06B6 /* Build configuration list for PBXNativeTarget "EthereumWallet" */;
			buildPhases = (
				85347F802848B50D00FF06B6 /* Sources */,
				85347F812848B50D00FF06B6 /* Frameworks */,
				85347F822848B50D00FF06B6 /* Resources */,
			);
			buildRules = (
			);
			dependencies = (
			);
			name = EthereumWallet;
			productName = EthereumWallet;
			productReference = 85347F842848B50D00FF06B6 /* EthereumWallet.app */;
			productType = "com.apple.product-type.application";
		};
/* End PBXNativeTarget section */

/* Begin PBXProject section */
		85347F7C2848B50D00FF06B6 /* Project object */ = {
			isa = PBXProject;
			attributes = {
				BuildIndependentTargetsInParallel = 1;
				LastSwiftUpdateCheck = 1320;
				LastUpgradeCheck = 1320;
				TargetAttributes = {
					85347F832848B50D00FF06B6 = {
						CreatedOnToolsVersion = 13.2.1;
					};
				};
			};
			buildConfigurationList = 85347F7F2848B50D00FF06B6 /* Build configuration list for PBXProject "EthereumWallet" */;
			compatibilityVersion = "Xcode 13.0";
			developmentRegion = en;
			hasScannedForEncodings = 0;
			knownRegions = (
				en,
				Base,
			);
			mainGroup = 85347F7B2848B50D00FF06B6;
			productRefGroup = 85347F852848B50D00FF06B6 /* Products */;
			projectDirPath = "";
			projectRoot = "";
			targets = (
				85347F832848B50D00FF06B6 /* EthereumWallet */,
			);
		};
/* End PBXProject section */

/* Begin PBXResourcesBuildPhase section */
		85347F822848B50D00FF06B6 /* Resources */ = {
			isa = PBXResourcesBuildPhase;
			buildActionMask = 2147483647;
			files = (
				85826D792849C81A006F6B18 /* assets.json in Resources */,
				85347F8F2848B50F00FF06B6 /* Preview Assets.xcassets in Resources */,
				85347F8C2848B50F00FF06B6 /* Assets.xcassets in Resources */,
			);
			runOnlyForDeploymentPostprocessing = 0;
		};
/* End PBXResourcesBuildPhase section */

/* Begin PBXSourcesBuildPhase section */
		85347F802848B50D00FF06B6 /* Sources */ = {
			isa = PBXSourcesBuildPhase;
			buildActionMask = 2147483647;
			files = (
				85826D83284ADDE3006F6B18 /* CustomAssetsView.swift in Sources */,
				85826D8B284B1F40006F6B18 /* AccountViewModel.swift in Sources */,
				85826D7F284AD44D006F6B18 /* AssetsListView.swift in Sources */,
				85826D81284ADDC4006F6B18 /* SearchAssetsView.swift in Sources */,
				85826D712849A349006F6B18 /* AddAssetsView.swift in Sources */,
				85826D89284B093A006F6B18 /* AssetsSearchRowView.swift in Sources */,
				85347F8A2848B50D00FF06B6 /* HomeView.swift in Sources */,
				85826D752849C3E2006F6B18 /* AssetsRowView.swift in Sources */,
				85826D7B2849C881006F6B18 /* AssetsCoin.swift in Sources */,
				85826D85284AE4D6006F6B18 /* NFTListView.swift in Sources */,
				85347F882848B50D00FF06B6 /* EthereumWalletApp.swift in Sources */,
				85826D772849C677006F6B18 /* AssetsDetailView.swift in Sources */,
				85826D732849A371006F6B18 /* AddNFTView.swift in Sources */,
				85826D87284AF260006F6B18 /* BriefHeaderView.swift in Sources */,
				85826D7D2849CDB7006F6B18 /* Data.swift in Sources */,
				85826D8D284B3767006F6B18 /* AssetsDetailBriefView.swift in Sources */,
			);
			runOnlyForDeploymentPostprocessing = 0;
		};
/* End PBXSourcesBuildPhase section */

/* Begin XCBuildConfiguration section */
		85347F902848B50F00FF06B6 /* Debug */ = {
			isa = XCBuildConfiguration;
			buildSettings = {
				ALWAYS_SEARCH_USER_PATHS = NO;
				CLANG_ANALYZER_NONNULL = YES;
				CLANG_ANALYZER_NUMBER_OBJECT_CONVERSION = YES_AGGRESSIVE;
				CLANG_CXX_LANGUAGE_STANDARD = "gnu++17";
				CLANG_CXX_LIBRARY = "libc++";
				CLANG_ENABLE_MODULES = YES;
				CLANG_ENABLE_OBJC_ARC = YES;
				CLANG_ENABLE_OBJC_WEAK = YES;
				CLANG_WARN_BLOCK_CAPTURE_AUTORELEASING = YES;
				CLANG_WARN_BOOL_CONVERSION = YES;
				CLANG_WARN_COMMA = YES;
				CLANG_WARN_CONSTANT_CONVERSION = YES;
				CLANG_WARN_DEPRECATED_OBJC_IMPLEMENTATIONS = YES;
				CLANG_WARN_DIRECT_OBJC_ISA_USAGE = YES_ERROR;
				CLANG_WARN_DOCUMENTATION_COMMENTS = YES;
				CLANG_WARN_EMPTY_BODY = YES;
				CLANG_WARN_ENUM_CONVERSION = YES;
				CLANG_WARN_INFINITE_RECURSION = YES;
				CLANG_WARN_INT_CONVERSION = YES;
				CLANG_WARN_NON_LITERAL_NULL_CONVERSION = YES;
				CLANG_WARN_OBJC_IMPLICIT_RETAIN_SELF = YES;
				CLANG_WARN_OBJC_LITERAL_CONVERSION = YES;
				CLANG_WARN_OBJC_ROOT_CLASS = YES_ERROR;
				CLANG_WARN_QUOTED_INCLUDE_IN_FRAMEWORK_HEADER = YES;
				CLANG_WARN_RANGE_LOOP_ANALYSIS = YES;
				CLANG_WARN_STRICT_PROTOTYPES = YES;
				CLANG_WARN_SUSPICIOUS_MOVE = YES;
				CLANG_WARN_UNGUARDED_AVAILABILITY = YES_AGGRESSIVE;
				CLANG_WARN_UNREACHABLE_CODE = YES;
				CLANG_WARN__DUPLICATE_METHOD_MATCH = YES;
				COPY_PHASE_STRIP = NO;
				DEBUG_INFORMATION_FORMAT = dwarf;
				ENABLE_STRICT_OBJC_MSGSEND = YES;
				ENABLE_TESTABILITY = YES;
				GCC_C_LANGUAGE_STANDARD = gnu11;
				GCC_DYNAMIC_NO_PIC = NO;
				GCC_NO_COMMON_BLOCKS = YES;
				GCC_OPTIMIZATION_LEVEL = 0;
				GCC_PREPROCESSOR_DEFINITIONS = (
					"DEBUG=1",
					"$(inherited)",
				);
				GCC_WARN_64_TO_32_BIT_CONVERSION = YES;
				GCC_WARN_ABOUT_RETURN_TYPE = YES_ERROR;
				GCC_WARN_UNDECLARED_SELECTOR = YES;
				GCC_WARN_UNINITIALIZED_AUTOS = YES_AGGRESSIVE;
				GCC_WARN_UNUSED_FUNCTION = YES;
				GCC_WARN_UNUSED_VARIABLE = YES;
				IPHONEOS_DEPLOYMENT_TARGET = 14.0;
				MTL_ENABLE_DEBUG_INFO = INCLUDE_SOURCE;
				MTL_FAST_MATH = YES;
				ONLY_ACTIVE_ARCH = YES;
				SDKROOT = iphoneos;
				SWIFT_ACTIVE_COMPILATION_CONDITIONS = DEBUG;
				SWIFT_OPTIMIZATION_LEVEL = "-Onone";
			};
			name = Debug;
		};
		85347F912848B50F00FF06B6 /* Release */ = {
			isa = XCBuildConfiguration;
			buildSettings = {
				ALWAYS_SEARCH_USER_PATHS = NO;
				CLANG_ANALYZER_NONNULL = YES;
				CLANG_ANALYZER_NUMBER_OBJECT_CONVERSION = YES_AGGRESSIVE;
				CLANG_CXX_LANGUAGE_STANDARD = "gnu++17";
				CLANG_CXX_LIBRARY = "libc++";
				CLANG_ENABLE_MODULES = YES;
				CLANG_ENABLE_OBJC_ARC = YES;
				CLANG_ENABLE_OBJC_WEAK = YES;
				CLANG_WARN_BLOCK_CAPTURE_AUTORELEASING = YES;
				CLANG_WARN_BOOL_CONVERSION = YES;
				CLANG_WARN_COMMA = YES;
				CLANG_WARN_CONSTANT_CONVERSION = YES;
				CLANG_WARN_DEPRECATED_OBJC_IMPLEMENTATIONS = YES;
				CLANG_WARN_DIRECT_OBJC_ISA_USAGE = YES_ERROR;
				CLANG_WARN_DOCUMENTATION_COMMENTS = YES;
				CLANG_WARN_EMPTY_BODY = YES;
				CLANG_WARN_ENUM_CONVERSION = YES;
				CLANG_WARN_INFINITE_RECURSION = YES;
				CLANG_WARN_INT_CONVERSION = YES;
				CLANG_WARN_NON_LITERAL_NULL_CONVERSION = YES;
				CLANG_WARN_OBJC_IMPLICIT_RETAIN_SELF = YES;
				CLANG_WARN_OBJC_LITERAL_CONVERSION = YES;
				CLANG_WARN_OBJC_ROOT_CLASS = YES_ERROR;
				CLANG_WARN_QUOTED_INCLUDE_IN_FRAMEWORK_HEADER = YES;
				CLANG_WARN_RANGE_LOOP_ANALYSIS = YES;
				CLANG_WARN_STRICT_PROTOTYPES = YES;
				CLANG_WARN_SUSPICIOUS_MOVE = YES;
				CLANG_WARN_UNGUARDED_AVAILABILITY = YES_AGGRESSIVE;
				CLANG_WARN_UNREACHABLE_CODE = YES;
				CLANG_WARN__DUPLICATE_METHOD_MATCH = YES;
				COPY_PHASE_STRIP = NO;
				DEBUG_INFORMATION_FORMAT = "dwarf-with-dsym";
				ENABLE_NS_ASSERTIONS = NO;
				ENABLE_STRICT_OBJC_MSGSEND = YES;
				GCC_C_LANGUAGE_STANDARD = gnu11;
				GCC_NO_COMMON_BLOCKS = YES;
				GCC_WARN_64_TO_32_BIT_CONVERSION = YES;
				GCC_WARN_ABOUT_RETURN_TYPE = YES_ERROR;
				GCC_WARN_UNDECLARED_SELECTOR = YES;
				GCC_WARN_UNINITIALIZED_AUTOS = YES_AGGRESSIVE;
				GCC_WARN_UNUSED_FUNCTION = YES;
				GCC_WARN_UNUSED_VARIABLE = YES;
				IPHONEOS_DEPLOYMENT_TARGET = 14.0;
				MTL_ENABLE_DEBUG_INFO = NO;
				MTL_FAST_MATH = YES;
				SDKROOT = iphoneos;
				SWIFT_COMPILATION_MODE = wholemodule;
				SWIFT_OPTIMIZATION_LEVEL = "-O";
				VALIDATE_PRODUCT = YES;
			};
			name = Release;
		};
		85347F932848B50F00FF06B6 /* Debug */ = {
			isa = XCBuildConfiguration;
			buildSettings = {
				ASSETCATALOG_COMPILER_APPICON_NAME = AppIcon;
				ASSETCATALOG_COMPILER_GLOBAL_ACCENT_COLOR_NAME = AccentColor;
				CODE_SIGN_STYLE = Automatic;
				CURRENT_PROJECT_VERSION = 1;
				DEVELOPMENT_ASSET_PATHS = "\"EthereumWallet/Preview Content\"";
				DEVELOPMENT_TEAM = 6D69UYGYW4;
				ENABLE_PREVIEWS = YES;
				GENERATE_INFOPLIST_FILE = YES;
				INFOPLIST_KEY_UIApplicationSceneManifest_Generation = YES;
				INFOPLIST_KEY_UIApplicationSupportsIndirectInputEvents = YES;
				INFOPLIST_KEY_UILaunchScreen_Generation = YES;
				INFOPLIST_KEY_UISupportedInterfaceOrientations = "UIInterfaceOrientationPortrait UIInterfaceOrientationPortraitUpsideDown";
				INFOPLIST_KEY_UISupportedInterfaceOrientations_iPad = "UIInterfaceOrientationPortrait UIInterfaceOrientationPortraitUpsideDown UIInterfaceOrientationLandscapeLeft UIInterfaceOrientationLandscapeRight";
				INFOPLIST_KEY_UISupportedInterfaceOrientations_iPhone = "UIInterfaceOrientationPortrait UIInterfaceOrientationLandscapeLeft UIInterfaceOrientationLandscapeRight";
				LD_RUNPATH_SEARCH_PATHS = (
					"$(inherited)",
					"@executable_path/Frameworks",
				);
				MARKETING_VERSION = 1.0;
				PRODUCT_BUNDLE_IDENTIFIER = com.kenway.EthereumWallet;
				PRODUCT_NAME = "$(TARGET_NAME)";
				SWIFT_EMIT_LOC_STRINGS = YES;
				SWIFT_VERSION = 5.0;
				TARGETED_DEVICE_FAMILY = "1,2";
			};
			name = Debug;
		};
		85347F942848B50F00FF06B6 /* Release */ = {
			isa = XCBuildConfiguration;
			buildSettings = {
				ASSETCATALOG_COMPILER_APPICON_NAME = AppIcon;
				ASSETCATALOG_COMPILER_GLOBAL_ACCENT_COLOR_NAME = AccentColor;
				CODE_SIGN_STYLE = Automatic;
				CURRENT_PROJECT_VERSION = 1;
				DEVELOPMENT_ASSET_PATHS = "\"EthereumWallet/Preview Content\"";
				DEVELOPMENT_TEAM = 6D69UYGYW4;
				ENABLE_PREVIEWS = YES;
				GENERATE_INFOPLIST_FILE = YES;
				INFOPLIST_KEY_UIApplicationSceneManifest_Generation = YES;
				INFOPLIST_KEY_UIApplicationSupportsIndirectInputEvents = YES;
				INFOPLIST_KEY_UILaunchScreen_Generation = YES;
				INFOPLIST_KEY_UISupportedInterfaceOrientations = "UIInterfaceOrientationPortrait UIInterfaceOrientationPortraitUpsideDown";
				INFOPLIST_KEY_UISupportedInterfaceOrientations_iPad = "UIInterfaceOrientationPortrait UIInterfaceOrientationPortraitUpsideDown UIInterfaceOrientationLandscapeLeft UIInterfaceOrientationLandscapeRight";
				INFOPLIST_KEY_UISupportedInterfaceOrientations_iPhone = "UIInterfaceOrientationPortrait UIInterfaceOrientationLandscapeLeft UIInterfaceOrientationLandscapeRight";
				LD_RUNPATH_SEARCH_PATHS = (
					"$(inherited)",
					"@executable_path/Frameworks",
				);
				MARKETING_VERSION = 1.0;
				PRODUCT_BUNDLE_IDENTIFIER = com.kenway.EthereumWallet;
				PRODUCT_NAME = "$(TARGET_NAME)";
				SWIFT_EMIT_LOC_STRINGS = YES;
				SWIFT_VERSION = 5.0;
				TARGETED_DEVICE_FAMILY = "1,2";
			};
			name = Release;
		};
/* End XCBuildConfiguration section */

/* Begin XCConfigurationList section */
		85347F7F2848B50D00FF06B6 /* Build configuration list for PBXProject "EthereumWallet" */ = {
			isa = XCConfigurationList;
			buildConfigurations = (
				85347F902848B50F00FF06B6 /* Debug */,
				85347F912848B50F00FF06B6 /* Release */,
			);
			defaultConfigurationIsVisible = 0;
			defaultConfigurationName = Release;
		};
		85347F922848B50F00FF06B6 /* Build configuration list for PBXNativeTarget "EthereumWallet" */ = {
			isa = XCConfigurationList;
			buildConfigurations = (
				85347F932848B50F00FF06B6 /* Debug */,
				85347F942848B50F00FF06B6 /* Release */,
			);
			defaultConfigurationIsVisible = 0;
			defaultConfigurationName = Release;
		};
/* End XCConfigurationList section */
	};
	rootObject = 85347F7C2848B50D00FF06B6 /* Project object */;
}
